
Microsoft Visual Studio Solution File, Format Version 12.00
# Visual Studio Version 16
VisualStudioVersion = 16.0.31613.86
MinimumVisualStudioVersion = 10.0.40219.1
Project("{FAE04EC0-301F-11D3-BF4B-00C04F79EFBC}") = "lab10", "lab10.csproj", "{DCA0EC48-B941-447D-8114-E18B70BC32BF}"
EndProject
Global
	GlobalSection(SolutionConfigurationPlatforms) = preSolution
		Debug|Any CPU = Debug|Any CPU
		Release|Any CPU = Release|Any CPU
	EndGlobalSection
	GlobalSection(ProjectConfigurationPlatforms) = postSolution
		{DCA0EC48-B941-447D-8114-E18B70BC32BF}.Debug|Any CPU.ActiveCfg = Debug|Any CPU
		{DCA0EC48-B941-447D-8114-E18B70BC32BF}.Debug|Any CPU.Build.0 = Debug|Any CPU
		{DCA0EC48-B941-447D-8114-E18B70BC32BF}.Release|Any CPU.ActiveCfg = Release|Any CPU
		{DCA0EC48-B941-447D-8114-E18B70BC32BF}.Release|Any CPU.Build.0 = Release|Any CPU
	EndGlobalSection
	GlobalSection(SolutionProperties) = preSolution
		HideSolutionNode = FALSE
	EndGlobalSection
	GlobalSection(ExtensibilityGlobals) = postSolution
		SolutionGuid = {4D7F3281-A7D2-4EE6-9370-BAFE81349E64}
	EndGlobalSection
EndGlobal
