
Microsoft Visual Studio Solution File, Format Version 12.00
# Visual Studio Version 16
VisualStudioVersion = 16.0.31613.86
MinimumVisualStudioVersion = 10.0.40219.1
Project("{FAE04EC0-301F-11D3-BF4B-00C04F79EFBC}") = "lab09", "lab09.csproj", "{BDEAFF8B-CE63-4F77-861D-FD925CF39E7C}"
EndProject
Global
	GlobalSection(SolutionConfigurationPlatforms) = preSolution
		Debug|Any CPU = Debug|Any CPU
		Release|Any CPU = Release|Any CPU
	EndGlobalSection
	GlobalSection(ProjectConfigurationPlatforms) = postSolution
		{BDEAFF8B-CE63-4F77-861D-FD925CF39E7C}.Debug|Any CPU.ActiveCfg = Debug|Any CPU
		{BDEAFF8B-CE63-4F77-861D-FD925CF39E7C}.Debug|Any CPU.Build.0 = Debug|Any CPU
		{BDEAFF8B-CE63-4F77-861D-FD925CF39E7C}.Release|Any CPU.ActiveCfg = Release|Any CPU
		{BDEAFF8B-CE63-4F77-861D-FD925CF39E7C}.Release|Any CPU.Build.0 = Release|Any CPU
	EndGlobalSection
	GlobalSection(SolutionProperties) = preSolution
		HideSolutionNode = FALSE
	EndGlobalSection
	GlobalSection(ExtensibilityGlobals) = postSolution
		SolutionGuid = {DDEED134-2ECE-4371-92A0-38BDEB8A673B}
	EndGlobalSection
EndGlobal
